// !$*UTF8*$!
{
	archiveVersion = 1;
	classes = {
	};
	objectVersion = 46;
	objects = {

/* Begin PBXBuildFile section */
		ED6E04E21BD56A41009E4143 /* AppDelegate.swift in Sources */ = {isa = PBXBuildFile; fileRef = ED6E04E11BD56A41009E4143 /* AppDelegate.swift */; };
		ED6E04E41BD56A41009E4143 /* ViewController.swift in Sources */ = {isa = PBXBuildFile; fileRef = ED6E04E31BD56A41009E4143 /* ViewController.swift */; };
		ED6E04E71BD56A41009E4143 /* Main.storyboard in Resources */ = {isa = PBXBuildFile; fileRef = ED6E04E51BD56A41009E4143 /* Main.storyboard */; };
		ED6E04EA1BD56A41009E4143 /* Synq.xcdatamodeld in Sources */ = {isa = PBXBuildFile; fileRef = ED6E04E81BD56A41009E4143 /* Synq.xcdatamodeld */; };
		ED6E04EC1BD56A41009E4143 /* Assets.xcassets in Resources */ = {isa = PBXBuildFile; fileRef = ED6E04EB1BD56A41009E4143 /* Assets.xcassets */; };
		ED6E04EF1BD56A41009E4143 /* LaunchScreen.storyboard in Resources */ = {isa = PBXBuildFile; fileRef = ED6E04ED1BD56A41009E4143 /* LaunchScreen.storyboard */; };
		ED6E04FA1BD56A41009E4143 /* SynqTests.swift in Sources */ = {isa = PBXBuildFile; fileRef = ED6E04F91BD56A41009E4143 /* SynqTests.swift */; };
		ED6E05051BD56A7C009E4143 /* Spotify.framework in Frameworks */ = {isa = PBXBuildFile; fileRef = ED6E05041BD56A7C009E4143 /* Spotify.framework */; settings = {ASSET_TAGS = (); }; };
		ED6E05081BD5B800009E4143 /* AVFoundation.framework in Frameworks */ = {isa = PBXBuildFile; fileRef = ED6E05071BD5B800009E4143 /* AVFoundation.framework */; };
		ED6E050A1BD5B813009E4143 /* SystemConfiguration.framework in Frameworks */ = {isa = PBXBuildFile; fileRef = ED6E05091BD5B813009E4143 /* SystemConfiguration.framework */; };
/* End PBXBuildFile section */

/* Begin PBXContainerItemProxy section */
		ED6E04F61BD56A41009E4143 /* PBXContainerItemProxy */ = {
			isa = PBXContainerItemProxy;
			containerPortal = ED6E04D61BD56A41009E4143 /* Project object */;
			proxyType = 1;
			remoteGlobalIDString = ED6E04DD1BD56A41009E4143;
			remoteInfo = Synq;
		};
/* End PBXContainerItemProxy section */

/* Begin PBXFileReference section */
		ED6E04DE1BD56A41009E4143 /* Synq.app */ = {isa = PBXFileReference; explicitFileType = wrapper.application; includeInIndex = 0; path = Synq.app; sourceTree = BUILT_PRODUCTS_DIR; };
		ED6E04E11BD56A41009E4143 /* AppDelegate.swift */ = {isa = PBXFileReference; lastKnownFileType = sourcecode.swift; path = AppDelegate.swift; sourceTree = "<group>"; };
		ED6E04E31BD56A41009E4143 /* ViewController.swift */ = {isa = PBXFileReference; lastKnownFileType = sourcecode.swift; path = ViewController.swift; sourceTree = "<group>"; };
		ED6E04E61BD56A41009E4143 /* Base */ = {isa = PBXFileReference; lastKnownFileType = file.storyboard; name = Base; path = Base.lproj/Main.storyboard; sourceTree = "<group>"; };
		ED6E04E91BD56A41009E4143 /* Synq.xcdatamodel */ = {isa = PBXFileReference; lastKnownFileType = wrapper.xcdatamodel; path = Synq.xcdatamodel; sourceTree = "<group>"; };
		ED6E04EB1BD56A41009E4143 /* Assets.xcassets */ = {isa = PBXFileReference; lastKnownFileType = folder.assetcatalog; path = Assets.xcassets; sourceTree = "<group>"; };
		ED6E04EE1BD56A41009E4143 /* Base */ = {isa = PBXFileReference; lastKnownFileType = file.storyboard; name = Base; path = Base.lproj/LaunchScreen.storyboard; sourceTree = "<group>"; };
		ED6E04F01BD56A41009E4143 /* Info.plist */ = {isa = PBXFileReference; lastKnownFileType = text.plist.xml; path = Info.plist; sourceTree = "<group>"; };
		ED6E04F51BD56A41009E4143 /* SynqTests.xctest */ = {isa = PBXFileReference; explicitFileType = wrapper.cfbundle; includeInIndex = 0; path = SynqTests.xctest; sourceTree = BUILT_PRODUCTS_DIR; };
		ED6E04F91BD56A41009E4143 /* SynqTests.swift */ = {isa = PBXFileReference; lastKnownFileType = sourcecode.swift; path = SynqTests.swift; sourceTree = "<group>"; };
		ED6E04FB1BD56A41009E4143 /* Info.plist */ = {isa = PBXFileReference; lastKnownFileType = text.plist.xml; path = Info.plist; sourceTree = "<group>"; };
		ED6E05041BD56A7C009E4143 /* Spotify.framework */ = {isa = PBXFileReference; lastKnownFileType = wrapper.framework; path = Spotify.framework; sourceTree = "<group>"; };
		ED6E05071BD5B800009E4143 /* AVFoundation.framework */ = {isa = PBXFileReference; lastKnownFileType = wrapper.framework; name = AVFoundation.framework; path = System/Library/Frameworks/AVFoundation.framework; sourceTree = SDKROOT; };
		ED6E05091BD5B813009E4143 /* SystemConfiguration.framework */ = {isa = PBXFileReference; lastKnownFileType = wrapper.framework; name = SystemConfiguration.framework; path = System/Library/Frameworks/SystemConfiguration.framework; sourceTree = SDKROOT; };
		ED6E050B1BD5BDCE009E4143 /* Synq-Bridging-Header.h */ = {isa = PBXFileReference; lastKnownFileType = sourcecode.c.h; path = "Synq-Bridging-Header.h"; sourceTree = "<group>"; };
/* End PBXFileReference section */

/* Begin PBXFrameworksBuildPhase section */
		ED6E04DB1BD56A41009E4143 /* Frameworks */ = {
			isa = PBXFrameworksBuildPhase;
			buildActionMask = 2147483647;
			files = (
				ED6E050A1BD5B813009E4143 /* SystemConfiguration.framework in Frameworks */,
				ED6E05081BD5B800009E4143 /* AVFoundation.framework in Frameworks */,
				ED6E05051BD56A7C009E4143 /* Spotify.framework in Frameworks */,
			);
			runOnlyForDeploymentPostprocessing = 0;
		};
		ED6E04F21BD56A41009E4143 /* Frameworks */ = {
			isa = PBXFrameworksBuildPhase;
			buildActionMask = 2147483647;
			files = (
			);
			runOnlyForDeploymentPostprocessing = 0;
		};
/* End PBXFrameworksBuildPhase section */

/* Begin PBXGroup section */
		ED6E04D51BD56A41009E4143 = {
			isa = PBXGroup;
			children = (
				ED6E05091BD5B813009E4143 /* SystemConfiguration.framework */,
				ED6E05071BD5B800009E4143 /* AVFoundation.framework */,
				ED6E04E01BD56A41009E4143 /* Synq */,
				ED6E04F81BD56A41009E4143 /* SynqTests */,
				ED6E04DF1BD56A41009E4143 /* Products */,
			);
			sourceTree = "<group>";
		};
		ED6E04DF1BD56A41009E4143 /* Products */ = {
			isa = PBXGroup;
			children = (
				ED6E04DE1BD56A41009E4143 /* Synq.app */,
				ED6E04F51BD56A41009E4143 /* SynqTests.xctest */,
			);
			name = Products;
			sourceTree = "<group>";
		};
		ED6E04E01BD56A41009E4143 /* Synq */ = {
			isa = PBXGroup;
			children = (
				ED6E04E11BD56A41009E4143 /* AppDelegate.swift */,
				ED6E04E31BD56A41009E4143 /* ViewController.swift */,
				ED6E04E51BD56A41009E4143 /* Main.storyboard */,
				ED6E04EB1BD56A41009E4143 /* Assets.xcassets */,
				ED6E04ED1BD56A41009E4143 /* LaunchScreen.storyboard */,
				ED6E04F01BD56A41009E4143 /* Info.plist */,
				ED6E04E81BD56A41009E4143 /* Synq.xcdatamodeld */,
				ED6E05061BD56A82009E4143 /* Frameworks */,
				ED6E050B1BD5BDCE009E4143 /* Synq-Bridging-Header.h */,
			);
			path = Synq;
			sourceTree = "<group>";
		};
		ED6E04F81BD56A41009E4143 /* SynqTests */ = {
			isa = PBXGroup;
			children = (
				ED6E04F91BD56A41009E4143 /* SynqTests.swift */,
				ED6E04FB1BD56A41009E4143 /* Info.plist */,
			);
			path = SynqTests;
			sourceTree = "<group>";
		};
		ED6E05061BD56A82009E4143 /* Frameworks */ = {
			isa = PBXGroup;
			children = (
				ED6E05041BD56A7C009E4143 /* Spotify.framework */,
			);
			name = Frameworks;
			sourceTree = "<group>";
		};
/* End PBXGroup section */

/* Begin PBXNativeTarget section */
		ED6E04DD1BD56A41009E4143 /* Synq */ = {
			isa = PBXNativeTarget;
			buildConfigurationList = ED6E04FE1BD56A41009E4143 /* Build configuration list for PBXNativeTarget "Synq" */;
			buildPhases = (
				ED6E04DA1BD56A41009E4143 /* Sources */,
				ED6E04DB1BD56A41009E4143 /* Frameworks */,
				ED6E04DC1BD56A41009E4143 /* Resources */,
			);
			buildRules = (
			);
			dependencies = (
			);
			name = Synq;
			productName = Synq;
			productReference = ED6E04DE1BD56A41009E4143 /* Synq.app */;
			productType = "com.apple.product-type.application";
		};
		ED6E04F41BD56A41009E4143 /* SynqTests */ = {
			isa = PBXNativeTarget;
			buildConfigurationList = ED6E05011BD56A41009E4143 /* Build configuration list for PBXNativeTarget "SynqTests" */;
			buildPhases = (
				ED6E04F11BD56A41009E4143 /* Sources */,
				ED6E04F21BD56A41009E4143 /* Frameworks */,
				ED6E04F31BD56A41009E4143 /* Resources */,
			);
			buildRules = (
			);
			dependencies = (
				ED6E04F71BD56A41009E4143 /* PBXTargetDependency */,
			);
			name = SynqTests;
			productName = SynqTests;
			productReference = ED6E04F51BD56A41009E4143 /* SynqTests.xctest */;
			productType = "com.apple.product-type.bundle.unit-test";
		};
/* End PBXNativeTarget section */

/* Begin PBXProject section */
		ED6E04D61BD56A41009E4143 /* Project object */ = {
			isa = PBXProject;
			attributes = {
				LastSwiftUpdateCheck = 0700;
				LastUpgradeCheck = 0700;
				ORGANIZATIONNAME = cs378;
				TargetAttributes = {
					ED6E04DD1BD56A41009E4143 = {
						CreatedOnToolsVersion = 7.0.1;
					};
					ED6E04F41BD56A41009E4143 = {
						CreatedOnToolsVersion = 7.0.1;
						TestTargetID = ED6E04DD1BD56A41009E4143;
					};
				};
			};
			buildConfigurationList = ED6E04D91BD56A41009E4143 /* Build configuration list for PBXProject "Synq" */;
			compatibilityVersion = "Xcode 3.2";
			developmentRegion = English;
			hasScannedForEncodings = 0;
			knownRegions = (
				en,
				Base,
			);
			mainGroup = ED6E04D51BD56A41009E4143;
			productRefGroup = ED6E04DF1BD56A41009E4143 /* Products */;
			projectDirPath = "";
			projectRoot = "";
			targets = (
				ED6E04DD1BD56A41009E4143 /* Synq */,
				ED6E04F41BD56A41009E4143 /* SynqTests */,
			);
		};
/* End PBXProject section */

/* Begin PBXResourcesBuildPhase section */
		ED6E04DC1BD56A41009E4143 /* Resources */ = {
			isa = PBXResourcesBuildPhase;
			buildActionMask = 2147483647;
			files = (
				ED6E04EF1BD56A41009E4143 /* LaunchScreen.storyboard in Resources */,
				ED6E04EC1BD56A41009E4143 /* Assets.xcassets in Resources */,
				ED6E04E71BD56A41009E4143 /* Main.storyboard in Resources */,
			);
			runOnlyForDeploymentPostprocessing = 0;
		};
		ED6E04F31BD56A41009E4143 /* Resources */ = {
			isa = PBXResourcesBuildPhase;
			buildActionMask = 2147483647;
			files = (
			);
			runOnlyForDeploymentPostprocessing = 0;
		};
/* End PBXResourcesBuildPhase section */

/* Begin PBXSourcesBuildPhase section */
		ED6E04DA1BD56A41009E4143 /* Sources */ = {
			isa = PBXSourcesBuildPhase;
			buildActionMask = 2147483647;
			files = (
				ED6E04E41BD56A41009E4143 /* ViewController.swift in Sources */,
				ED6E04EA1BD56A41009E4143 /* Synq.xcdatamodeld in Sources */,
				ED6E04E21BD56A41009E4143 /* AppDelegate.swift in Sources */,
			);
			runOnlyForDeploymentPostprocessing = 0;
		};
		ED6E04F11BD56A41009E4143 /* Sources */ = {
			isa = PBXSourcesBuildPhase;
			buildActionMask = 2147483647;
			files = (
				ED6E04FA1BD56A41009E4143 /* SynqTests.swift in Sources */,
			);
			runOnlyForDeploymentPostprocessing = 0;
		};
/* End PBXSourcesBuildPhase section */

/* Begin PBXTargetDependency section */
		ED6E04F71BD56A41009E4143 /* PBXTargetDependency */ = {
			isa = PBXTargetDependency;
			target = ED6E04DD1BD56A41009E4143 /* Synq */;
			targetProxy = ED6E04F61BD56A41009E4143 /* PBXContainerItemProxy */;
		};
/* End PBXTargetDependency section */

/* Begin PBXVariantGroup section */
		ED6E04E51BD56A41009E4143 /* Main.storyboard */ = {
			isa = PBXVariantGroup;
			children = (
				ED6E04E61BD56A41009E4143 /* Base */,
			);
			name = Main.storyboard;
			sourceTree = "<group>";
		};
		ED6E04ED1BD56A41009E4143 /* LaunchScreen.storyboard */ = {
			isa = PBXVariantGroup;
			children = (
				ED6E04EE1BD56A41009E4143 /* Base */,
			);
			name = LaunchScreen.storyboard;
			sourceTree = "<group>";
		};
/* End PBXVariantGroup section */

/* Begin XCBuildConfiguration section */
		ED6E04FC1BD56A41009E4143 /* Debug */ = {
			isa = XCBuildConfiguration;
			buildSettings = {
				ALWAYS_SEARCH_USER_PATHS = NO;
				CLANG_CXX_LANGUAGE_STANDARD = "gnu++0x";
				CLANG_CXX_LIBRARY = "libc++";
				CLANG_ENABLE_MODULES = YES;
				CLANG_ENABLE_OBJC_ARC = YES;
				CLANG_WARN_BOOL_CONVERSION = YES;
				CLANG_WARN_CONSTANT_CONVERSION = YES;
				CLANG_WARN_DIRECT_OBJC_ISA_USAGE = YES_ERROR;
				CLANG_WARN_EMPTY_BODY = YES;
				CLANG_WARN_ENUM_CONVERSION = YES;
				CLANG_WARN_INT_CONVERSION = YES;
				CLANG_WARN_OBJC_ROOT_CLASS = YES_ERROR;
				CLANG_WARN_UNREACHABLE_CODE = YES;
				CLANG_WARN__DUPLICATE_METHOD_MATCH = YES;
				"CODE_SIGN_IDENTITY[sdk=iphoneos*]" = "iPhone Developer";
				COPY_PHASE_STRIP = NO;
				DEBUG_INFORMATION_FORMAT = dwarf;
				ENABLE_STRICT_OBJC_MSGSEND = YES;
				ENABLE_TESTABILITY = YES;
				GCC_C_LANGUAGE_STANDARD = gnu99;
				GCC_DYNAMIC_NO_PIC = NO;
				GCC_NO_COMMON_BLOCKS = YES;
				GCC_OPTIMIZATION_LEVEL = 0;
				GCC_PREPROCESSOR_DEFINITIONS = (
					"DEBUG=1",
					"$(inherited)",
				);
				GCC_WARN_64_TO_32_BIT_CONVERSION = YES;
				GCC_WARN_ABOUT_RETURN_TYPE = YES_ERROR;
				GCC_WARN_UNDECLARED_SELECTOR = YES;
				GCC_WARN_UNINITIALIZED_AUTOS = YES_AGGRESSIVE;
				GCC_WARN_UNUSED_FUNCTION = YES;
				GCC_WARN_UNUSED_VARIABLE = YES;
				IPHONEOS_DEPLOYMENT_TARGET = 9.0;
				MTL_ENABLE_DEBUG_INFO = YES;
				ONLY_ACTIVE_ARCH = YES;
				SDKROOT = iphoneos;
				SWIFT_OPTIMIZATION_LEVEL = "-Onone";
			};
			name = Debug;
		};
		ED6E04FD1BD56A41009E4143 /* Release */ = {
			isa = XCBuildConfiguration;
			buildSettings = {
				ALWAYS_SEARCH_USER_PATHS = NO;
				CLANG_CXX_LANGUAGE_STANDARD = "gnu++0x";
				CLANG_CXX_LIBRARY = "libc++";
				CLANG_ENABLE_MODULES = YES;
				CLANG_ENABLE_OBJC_ARC = YES;
				CLANG_WARN_BOOL_CONVERSION = YES;
				CLANG_WARN_CONSTANT_CONVERSION = YES;
				CLANG_WARN_DIRECT_OBJC_ISA_USAGE = YES_ERROR;
				CLANG_WARN_EMPTY_BODY = YES;
				CLANG_WARN_ENUM_CONVERSION = YES;
				CLANG_WARN_INT_CONVERSION = YES;
				CLANG_WARN_OBJC_ROOT_CLASS = YES_ERROR;
				CLANG_WARN_UNREACHABLE_CODE = YES;
				CLANG_WARN__DUPLICATE_METHOD_MATCH = YES;
				"CODE_SIGN_IDENTITY[sdk=iphoneos*]" = "iPhone Developer";
				COPY_PHASE_STRIP = NO;
				DEBUG_INFORMATION_FORMAT = "dwarf-with-dsym";
				ENABLE_NS_ASSERTIONS = NO;
				ENABLE_STRICT_OBJC_MSGSEND = YES;
				GCC_C_LANGUAGE_STANDARD = gnu99;
				GCC_NO_COMMON_BLOCKS = YES;
				GCC_WARN_64_TO_32_BIT_CONVERSION = YES;
				GCC_WARN_ABOUT_RETURN_TYPE = YES_ERROR;
				GCC_WARN_UNDECLARED_SELECTOR = YES;
				GCC_WARN_UNINITIALIZED_AUTOS = YES_AGGRESSIVE;
				GCC_WARN_UNUSED_FUNCTION = YES;
				GCC_WARN_UNUSED_VARIABLE = YES;
				IPHONEOS_DEPLOYMENT_TARGET = 9.0;
				MTL_ENABLE_DEBUG_INFO = NO;
				SDKROOT = iphoneos;
				VALIDATE_PRODUCT = YES;
			};
			name = Release;
		};
		ED6E04FF1BD56A41009E4143 /* Debug */ = {
			isa = XCBuildConfiguration;
			buildSettings = {
				ASSETCATALOG_COMPILER_APPICON_NAME = AppIcon;
				CLANG_ENABLE_MODULES = YES;
				FRAMEWORK_SEARCH_PATHS = (
					"$(inherited)",
					"$(PROJECT_DIR)/Synq",
				);
				INFOPLIST_FILE = Synq/Info.plist;
				IPHONEOS_DEPLOYMENT_TARGET = 8.4;
				LD_RUNPATH_SEARCH_PATHS = "$(inherited) @executable_path/Frameworks";
				"OTHER_LDFLAGS[arch=*]" = "";
				PRODUCT_BUNDLE_IDENTIFIER = com.cs378.Synq;
				PRODUCT_NAME = "$(TARGET_NAME)";
				SWIFT_OBJC_BRIDGING_HEADER = "Synq/Synq-Bridging-Header.h";
				SWIFT_OPTIMIZATION_LEVEL = "-Onone";
				TARGETED_DEVICE_FAMILY = 1;
			};
			name = Debug;
		};
		ED6E05001BD56A41009E4143 /* Release */ = {
			isa = XCBuildConfiguration;
			buildSettings = {
				ASSETCATALOG_COMPILER_APPICON_NAME = AppIcon;
				CLANG_ENABLE_MODULES = YES;
				FRAMEWORK_SEARCH_PATHS = (
					"$(inherited)",
					"$(PROJECT_DIR)/Synq",
				);
				INFOPLIST_FILE = Synq/Info.plist;
				IPHONEOS_DEPLOYMENT_TARGET = 8.4;
				LD_RUNPATH_SEARCH_PATHS = "$(inherited) @executable_path/Frameworks";
				PRODUCT_BUNDLE_IDENTIFIER = com.cs378.Synq;
				PRODUCT_NAME = "$(TARGET_NAME)";
				SWIFT_OBJC_BRIDGING_HEADER = "Synq/Synq-Bridging-Header.h";
				TARGETED_DEVICE_FAMILY = 1;
			};
			name = Release;
		};
		ED6E05021BD56A41009E4143 /* Debug */ = {
			isa = XCBuildConfiguration;
			buildSettings = {
				BUNDLE_LOADER = "$(TEST_HOST)";
				INFOPLIST_FILE = SynqTests/Info.plist;
				LD_RUNPATH_SEARCH_PATHS = "$(inherited) @executable_path/Frameworks @loader_path/Frameworks";
				PRODUCT_BUNDLE_IDENTIFIER = com.cs378.SynqTests;
				PRODUCT_NAME = "$(TARGET_NAME)";
				TEST_HOST = "$(BUILT_PRODUCTS_DIR)/Synq.app/Synq";
			};
			name = Debug;
		};
		ED6E05031BD56A41009E4143 /* Release */ = {
			isa = XCBuildConfiguration;
			buildSettings = {
				BUNDLE_LOADER = "$(TEST_HOST)";
				INFOPLIST_FILE = SynqTests/Info.plist;
				LD_RUNPATH_SEARCH_PATHS = "$(inherited) @executable_path/Frameworks @loader_path/Frameworks";
				PRODUCT_BUNDLE_IDENTIFIER = com.cs378.SynqTests;
				PRODUCT_NAME = "$(TARGET_NAME)";
				TEST_HOST = "$(BUILT_PRODUCTS_DIR)/Synq.app/Synq";
			};
			name = Release;
		};
/* End XCBuildConfiguration section */

/* Begin XCConfigurationList section */
		ED6E04D91BD56A41009E4143 /* Build configuration list for PBXProject "Synq" */ = {
			isa = XCConfigurationList;
			buildConfigurations = (
				ED6E04FC1BD56A41009E4143 /* Debug */,
				ED6E04FD1BD56A41009E4143 /* Release */,
			);
			defaultConfigurationIsVisible = 0;
			defaultConfigurationName = Release;
		};
		ED6E04FE1BD56A41009E4143 /* Build configuration list for PBXNativeTarget "Synq" */ = {
			isa = XCConfigurationList;
			buildConfigurations = (
				ED6E04FF1BD56A41009E4143 /* Debug */,
				ED6E05001BD56A41009E4143 /* Release */,
			);
			defaultConfigurationIsVisible = 0;
			defaultConfigurationName = Release;
		};
		ED6E05011BD56A41009E4143 /* Build configuration list for PBXNativeTarget "SynqTests" */ = {
			isa = XCConfigurationList;
			buildConfigurations = (
				ED6E05021BD56A41009E4143 /* Debug */,
				ED6E05031BD56A41009E4143 /* Release */,
			);
			defaultConfigurationIsVisible = 0;
			defaultConfigurationName = Release;
		};
/* End XCConfigurationList section */

/* Begin XCVersionGroup section */
		ED6E04E81BD56A41009E4143 /* Synq.xcdatamodeld */ = {
			isa = XCVersionGroup;
			children = (
				ED6E04E91BD56A41009E4143 /* Synq.xcdatamodel */,
			);
			currentVersion = ED6E04E91BD56A41009E4143 /* Synq.xcdatamodel */;
			path = Synq.xcdatamodeld;
			sourceTree = "<group>";
			versionGroupType = wrapper.xcdatamodel;
		};
/* End XCVersionGroup section */
	};
	rootObject = ED6E04D61BD56A41009E4143 /* Project object */;
}
