// !$*UTF8*$!
{
	archiveVersion = 1;
	classes = {
	};
	objectVersion = 46;
	objects = {

/* Begin PBXBuildFile section */
		C99AF3881BD480FF002DFF93 /* AppDelegate.swift in Sources */ = {isa = PBXBuildFile; fileRef = C99AF3871BD480FF002DFF93 /* AppDelegate.swift */; };
		C99AF38D1BD480FF002DFF93 /* Main.storyboard in Resources */ = {isa = PBXBuildFile; fileRef = C99AF38B1BD480FF002DFF93 /* Main.storyboard */; };
		C99AF3901BD480FF002DFF93 /* Synq.xcdatamodeld in Sources */ = {isa = PBXBuildFile; fileRef = C99AF38E1BD480FF002DFF93 /* Synq.xcdatamodeld */; };
		C99AF3921BD480FF002DFF93 /* Assets.xcassets in Resources */ = {isa = PBXBuildFile; fileRef = C99AF3911BD480FF002DFF93 /* Assets.xcassets */; };
		C99AF3951BD480FF002DFF93 /* LaunchScreen.storyboard in Resources */ = {isa = PBXBuildFile; fileRef = C99AF3931BD480FF002DFF93 /* LaunchScreen.storyboard */; };
		C99AF3A01BD480FF002DFF93 /* SynqTests.swift in Sources */ = {isa = PBXBuildFile; fileRef = C99AF39F1BD480FF002DFF93 /* SynqTests.swift */; };
		C99AF3AB1BD480FF002DFF93 /* SynqUITests.swift in Sources */ = {isa = PBXBuildFile; fileRef = C99AF3AA1BD480FF002DFF93 /* SynqUITests.swift */; };
		C99AF3B91BD48264002DFF93 /* ActiveSongVC.swift in Sources */ = {isa = PBXBuildFile; fileRef = C99AF3B81BD48264002DFF93 /* ActiveSongVC.swift */; settings = {ASSET_TAGS = (); }; };
		C99AF3BB1BD48418002DFF93 /* VetoedVC.swift in Sources */ = {isa = PBXBuildFile; fileRef = C99AF3BA1BD48418002DFF93 /* VetoedVC.swift */; settings = {ASSET_TAGS = (); }; };
		C99AF3BD1BD484B2002DFF93 /* QueuedPlaylistTableVC.swift in Sources */ = {isa = PBXBuildFile; fileRef = C99AF3BC1BD484B2002DFF93 /* QueuedPlaylistTableVC.swift */; settings = {ASSET_TAGS = (); }; };
		C99AF3BF1BD485BD002DFF93 /* SongSearchVC.swift in Sources */ = {isa = PBXBuildFile; fileRef = C99AF3BE1BD485BD002DFF93 /* SongSearchVC.swift */; settings = {ASSET_TAGS = (); }; };
		C99AF3C11BD485E6002DFF93 /* SearchResultsVC.swift in Sources */ = {isa = PBXBuildFile; fileRef = C99AF3C01BD485E6002DFF93 /* SearchResultsVC.swift */; settings = {ASSET_TAGS = (); }; };
		C99AF3C31BD48630002DFF93 /* SongPreviewVC.swift in Sources */ = {isa = PBXBuildFile; fileRef = C99AF3C21BD48630002DFF93 /* SongPreviewVC.swift */; settings = {ASSET_TAGS = (); }; };
/* End PBXBuildFile section */

/* Begin PBXContainerItemProxy section */
		C99AF39C1BD480FF002DFF93 /* PBXContainerItemProxy */ = {
			isa = PBXContainerItemProxy;
			containerPortal = C99AF37C1BD480FF002DFF93 /* Project object */;
			proxyType = 1;
			remoteGlobalIDString = C99AF3831BD480FF002DFF93;
			remoteInfo = Synq;
		};
		C99AF3A71BD480FF002DFF93 /* PBXContainerItemProxy */ = {
			isa = PBXContainerItemProxy;
			containerPortal = C99AF37C1BD480FF002DFF93 /* Project object */;
			proxyType = 1;
			remoteGlobalIDString = C99AF3831BD480FF002DFF93;
			remoteInfo = Synq;
		};
/* End PBXContainerItemProxy section */

/* Begin PBXFileReference section */
		C99AF3841BD480FF002DFF93 /* Synq.app */ = {isa = PBXFileReference; explicitFileType = wrapper.application; includeInIndex = 0; path = Synq.app; sourceTree = BUILT_PRODUCTS_DIR; };
		C99AF3871BD480FF002DFF93 /* AppDelegate.swift */ = {isa = PBXFileReference; lastKnownFileType = sourcecode.swift; path = AppDelegate.swift; sourceTree = "<group>"; };
		C99AF38C1BD480FF002DFF93 /* Base */ = {isa = PBXFileReference; lastKnownFileType = file.storyboard; name = Base; path = Base.lproj/Main.storyboard; sourceTree = "<group>"; };
		C99AF38F1BD480FF002DFF93 /* Synq.xcdatamodel */ = {isa = PBXFileReference; lastKnownFileType = wrapper.xcdatamodel; path = Synq.xcdatamodel; sourceTree = "<group>"; };
		C99AF3911BD480FF002DFF93 /* Assets.xcassets */ = {isa = PBXFileReference; lastKnownFileType = folder.assetcatalog; path = Assets.xcassets; sourceTree = "<group>"; };
		C99AF3941BD480FF002DFF93 /* Base */ = {isa = PBXFileReference; lastKnownFileType = file.storyboard; name = Base; path = Base.lproj/LaunchScreen.storyboard; sourceTree = "<group>"; };
		C99AF3961BD480FF002DFF93 /* Info.plist */ = {isa = PBXFileReference; lastKnownFileType = text.plist.xml; path = Info.plist; sourceTree = "<group>"; };
		C99AF39B1BD480FF002DFF93 /* SynqTests.xctest */ = {isa = PBXFileReference; explicitFileType = wrapper.cfbundle; includeInIndex = 0; path = SynqTests.xctest; sourceTree = BUILT_PRODUCTS_DIR; };
		C99AF39F1BD480FF002DFF93 /* SynqTests.swift */ = {isa = PBXFileReference; lastKnownFileType = sourcecode.swift; path = SynqTests.swift; sourceTree = "<group>"; };
		C99AF3A11BD480FF002DFF93 /* Info.plist */ = {isa = PBXFileReference; lastKnownFileType = text.plist.xml; path = Info.plist; sourceTree = "<group>"; };
		C99AF3A61BD480FF002DFF93 /* SynqUITests.xctest */ = {isa = PBXFileReference; explicitFileType = wrapper.cfbundle; includeInIndex = 0; path = SynqUITests.xctest; sourceTree = BUILT_PRODUCTS_DIR; };
		C99AF3AA1BD480FF002DFF93 /* SynqUITests.swift */ = {isa = PBXFileReference; lastKnownFileType = sourcecode.swift; path = SynqUITests.swift; sourceTree = "<group>"; };
		C99AF3AC1BD480FF002DFF93 /* Info.plist */ = {isa = PBXFileReference; lastKnownFileType = text.plist.xml; path = Info.plist; sourceTree = "<group>"; };
		C99AF3B81BD48264002DFF93 /* ActiveSongVC.swift */ = {isa = PBXFileReference; fileEncoding = 4; lastKnownFileType = sourcecode.swift; path = ActiveSongVC.swift; sourceTree = "<group>"; };
		C99AF3BA1BD48418002DFF93 /* VetoedVC.swift */ = {isa = PBXFileReference; fileEncoding = 4; lastKnownFileType = sourcecode.swift; path = VetoedVC.swift; sourceTree = "<group>"; };
		C99AF3BC1BD484B2002DFF93 /* QueuedPlaylistTableVC.swift */ = {isa = PBXFileReference; fileEncoding = 4; lastKnownFileType = sourcecode.swift; path = QueuedPlaylistTableVC.swift; sourceTree = "<group>"; };
		C99AF3BE1BD485BD002DFF93 /* SongSearchVC.swift */ = {isa = PBXFileReference; fileEncoding = 4; lastKnownFileType = sourcecode.swift; path = SongSearchVC.swift; sourceTree = "<group>"; };
		C99AF3C01BD485E6002DFF93 /* SearchResultsVC.swift */ = {isa = PBXFileReference; fileEncoding = 4; lastKnownFileType = sourcecode.swift; path = SearchResultsVC.swift; sourceTree = "<group>"; };
		C99AF3C21BD48630002DFF93 /* SongPreviewVC.swift */ = {isa = PBXFileReference; fileEncoding = 4; lastKnownFileType = sourcecode.swift; path = SongPreviewVC.swift; sourceTree = "<group>"; };
/* End PBXFileReference section */

/* Begin PBXFrameworksBuildPhase section */
		C99AF3811BD480FF002DFF93 /* Frameworks */ = {
			isa = PBXFrameworksBuildPhase;
			buildActionMask = 2147483647;
			files = (
			);
			runOnlyForDeploymentPostprocessing = 0;
		};
		C99AF3981BD480FF002DFF93 /* Frameworks */ = {
			isa = PBXFrameworksBuildPhase;
			buildActionMask = 2147483647;
			files = (
			);
			runOnlyForDeploymentPostprocessing = 0;
		};
		C99AF3A31BD480FF002DFF93 /* Frameworks */ = {
			isa = PBXFrameworksBuildPhase;
			buildActionMask = 2147483647;
			files = (
			);
			runOnlyForDeploymentPostprocessing = 0;
		};
/* End PBXFrameworksBuildPhase section */

/* Begin PBXGroup section */
		C99AF37B1BD480FF002DFF93 = {
			isa = PBXGroup;
			children = (
				C99AF3861BD480FF002DFF93 /* Synq */,
				C99AF39E1BD480FF002DFF93 /* SynqTests */,
				C99AF3A91BD480FF002DFF93 /* SynqUITests */,
				C99AF3851BD480FF002DFF93 /* Products */,
			);
			sourceTree = "<group>";
		};
		C99AF3851BD480FF002DFF93 /* Products */ = {
			isa = PBXGroup;
			children = (
				C99AF3841BD480FF002DFF93 /* Synq.app */,
				C99AF39B1BD480FF002DFF93 /* SynqTests.xctest */,
				C99AF3A61BD480FF002DFF93 /* SynqUITests.xctest */,
			);
			name = Products;
			sourceTree = "<group>";
		};
		C99AF3861BD480FF002DFF93 /* Synq */ = {
			isa = PBXGroup;
			children = (
				C99AF3871BD480FF002DFF93 /* AppDelegate.swift */,
				C99AF38B1BD480FF002DFF93 /* Main.storyboard */,
				C99AF3BE1BD485BD002DFF93 /* SongSearchVC.swift */,
				C99AF3C01BD485E6002DFF93 /* SearchResultsVC.swift */,
				C99AF3C21BD48630002DFF93 /* SongPreviewVC.swift */,
				C99AF3BC1BD484B2002DFF93 /* QueuedPlaylistTableVC.swift */,
				C99AF3BA1BD48418002DFF93 /* VetoedVC.swift */,
				C99AF3B81BD48264002DFF93 /* ActiveSongVC.swift */,
				C99AF3911BD480FF002DFF93 /* Assets.xcassets */,
				C99AF3931BD480FF002DFF93 /* LaunchScreen.storyboard */,
				C99AF3961BD480FF002DFF93 /* Info.plist */,
				C99AF38E1BD480FF002DFF93 /* Synq.xcdatamodeld */,
			);
			path = Synq;
			sourceTree = "<group>";
		};
		C99AF39E1BD480FF002DFF93 /* SynqTests */ = {
			isa = PBXGroup;
			children = (
				C99AF39F1BD480FF002DFF93 /* SynqTests.swift */,
				C99AF3A11BD480FF002DFF93 /* Info.plist */,
			);
			path = SynqTests;
			sourceTree = "<group>";
		};
		C99AF3A91BD480FF002DFF93 /* SynqUITests */ = {
			isa = PBXGroup;
			children = (
				C99AF3AA1BD480FF002DFF93 /* SynqUITests.swift */,
				C99AF3AC1BD480FF002DFF93 /* Info.plist */,
			);
			path = SynqUITests;
			sourceTree = "<group>";
		};
/* End PBXGroup section */

/* Begin PBXNativeTarget section */
		C99AF3831BD480FF002DFF93 /* Synq */ = {
			isa = PBXNativeTarget;
			buildConfigurationList = C99AF3AF1BD480FF002DFF93 /* Build configuration list for PBXNativeTarget "Synq" */;
			buildPhases = (
				C99AF3801BD480FF002DFF93 /* Sources */,
				C99AF3811BD480FF002DFF93 /* Frameworks */,
				C99AF3821BD480FF002DFF93 /* Resources */,
			);
			buildRules = (
			);
			dependencies = (
			);
			name = Synq;
			productName = Synq;
			productReference = C99AF3841BD480FF002DFF93 /* Synq.app */;
			productType = "com.apple.product-type.application";
		};
		C99AF39A1BD480FF002DFF93 /* SynqTests */ = {
			isa = PBXNativeTarget;
			buildConfigurationList = C99AF3B21BD480FF002DFF93 /* Build configuration list for PBXNativeTarget "SynqTests" */;
			buildPhases = (
				C99AF3971BD480FF002DFF93 /* Sources */,
				C99AF3981BD480FF002DFF93 /* Frameworks */,
				C99AF3991BD480FF002DFF93 /* Resources */,
			);
			buildRules = (
			);
			dependencies = (
				C99AF39D1BD480FF002DFF93 /* PBXTargetDependency */,
			);
			name = SynqTests;
			productName = SynqTests;
			productReference = C99AF39B1BD480FF002DFF93 /* SynqTests.xctest */;
			productType = "com.apple.product-type.bundle.unit-test";
		};
		C99AF3A51BD480FF002DFF93 /* SynqUITests */ = {
			isa = PBXNativeTarget;
			buildConfigurationList = C99AF3B51BD480FF002DFF93 /* Build configuration list for PBXNativeTarget "SynqUITests" */;
			buildPhases = (
				C99AF3A21BD480FF002DFF93 /* Sources */,
				C99AF3A31BD480FF002DFF93 /* Frameworks */,
				C99AF3A41BD480FF002DFF93 /* Resources */,
			);
			buildRules = (
			);
			dependencies = (
				C99AF3A81BD480FF002DFF93 /* PBXTargetDependency */,
			);
			name = SynqUITests;
			productName = SynqUITests;
			productReference = C99AF3A61BD480FF002DFF93 /* SynqUITests.xctest */;
			productType = "com.apple.product-type.bundle.ui-testing";
		};
/* End PBXNativeTarget section */

/* Begin PBXProject section */
		C99AF37C1BD480FF002DFF93 /* Project object */ = {
			isa = PBXProject;
			attributes = {
				LastUpgradeCheck = 0700;
				ORGANIZATIONNAME = Group11;
				TargetAttributes = {
					C99AF3831BD480FF002DFF93 = {
						CreatedOnToolsVersion = 7.0;
					};
					C99AF39A1BD480FF002DFF93 = {
						CreatedOnToolsVersion = 7.0;
						TestTargetID = C99AF3831BD480FF002DFF93;
					};
					C99AF3A51BD480FF002DFF93 = {
						CreatedOnToolsVersion = 7.0;
						TestTargetID = C99AF3831BD480FF002DFF93;
					};
				};
			};
			buildConfigurationList = C99AF37F1BD480FF002DFF93 /* Build configuration list for PBXProject "Synq" */;
			compatibilityVersion = "Xcode 3.2";
			developmentRegion = English;
			hasScannedForEncodings = 0;
			knownRegions = (
				en,
				Base,
			);
			mainGroup = C99AF37B1BD480FF002DFF93;
			productRefGroup = C99AF3851BD480FF002DFF93 /* Products */;
			projectDirPath = "";
			projectRoot = "";
			targets = (
				C99AF3831BD480FF002DFF93 /* Synq */,
				C99AF39A1BD480FF002DFF93 /* SynqTests */,
				C99AF3A51BD480FF002DFF93 /* SynqUITests */,
			);
		};
/* End PBXProject section */

/* Begin PBXResourcesBuildPhase section */
		C99AF3821BD480FF002DFF93 /* Resources */ = {
			isa = PBXResourcesBuildPhase;
			buildActionMask = 2147483647;
			files = (
				C99AF3951BD480FF002DFF93 /* LaunchScreen.storyboard in Resources */,
				C99AF3921BD480FF002DFF93 /* Assets.xcassets in Resources */,
				C99AF38D1BD480FF002DFF93 /* Main.storyboard in Resources */,
			);
			runOnlyForDeploymentPostprocessing = 0;
		};
		C99AF3991BD480FF002DFF93 /* Resources */ = {
			isa = PBXResourcesBuildPhase;
			buildActionMask = 2147483647;
			files = (
			);
			runOnlyForDeploymentPostprocessing = 0;
		};
		C99AF3A41BD480FF002DFF93 /* Resources */ = {
			isa = PBXResourcesBuildPhase;
			buildActionMask = 2147483647;
			files = (
			);
			runOnlyForDeploymentPostprocessing = 0;
		};
/* End PBXResourcesBuildPhase section */

/* Begin PBXSourcesBuildPhase section */
		C99AF3801BD480FF002DFF93 /* Sources */ = {
			isa = PBXSourcesBuildPhase;
			buildActionMask = 2147483647;
			files = (
				C99AF3C31BD48630002DFF93 /* SongPreviewVC.swift in Sources */,
				C99AF3C11BD485E6002DFF93 /* SearchResultsVC.swift in Sources */,
				C99AF3901BD480FF002DFF93 /* Synq.xcdatamodeld in Sources */,
				C99AF3BD1BD484B2002DFF93 /* QueuedPlaylistTableVC.swift in Sources */,
				C99AF3BB1BD48418002DFF93 /* VetoedVC.swift in Sources */,
				C99AF3BF1BD485BD002DFF93 /* SongSearchVC.swift in Sources */,
				C99AF3881BD480FF002DFF93 /* AppDelegate.swift in Sources */,
				C99AF3B91BD48264002DFF93 /* ActiveSongVC.swift in Sources */,
			);
			runOnlyForDeploymentPostprocessing = 0;
		};
		C99AF3971BD480FF002DFF93 /* Sources */ = {
			isa = PBXSourcesBuildPhase;
			buildActionMask = 2147483647;
			files = (
				C99AF3A01BD480FF002DFF93 /* SynqTests.swift in Sources */,
			);
			runOnlyForDeploymentPostprocessing = 0;
		};
		C99AF3A21BD480FF002DFF93 /* Sources */ = {
			isa = PBXSourcesBuildPhase;
			buildActionMask = 2147483647;
			files = (
				C99AF3AB1BD480FF002DFF93 /* SynqUITests.swift in Sources */,
			);
			runOnlyForDeploymentPostprocessing = 0;
		};
/* End PBXSourcesBuildPhase section */

/* Begin PBXTargetDependency section */
		C99AF39D1BD480FF002DFF93 /* PBXTargetDependency */ = {
			isa = PBXTargetDependency;
			target = C99AF3831BD480FF002DFF93 /* Synq */;
			targetProxy = C99AF39C1BD480FF002DFF93 /* PBXContainerItemProxy */;
		};
		C99AF3A81BD480FF002DFF93 /* PBXTargetDependency */ = {
			isa = PBXTargetDependency;
			target = C99AF3831BD480FF002DFF93 /* Synq */;
			targetProxy = C99AF3A71BD480FF002DFF93 /* PBXContainerItemProxy */;
		};
/* End PBXTargetDependency section */

/* Begin PBXVariantGroup section */
		C99AF38B1BD480FF002DFF93 /* Main.storyboard */ = {
			isa = PBXVariantGroup;
			children = (
				C99AF38C1BD480FF002DFF93 /* Base */,
			);
			name = Main.storyboard;
			sourceTree = "<group>";
		};
		C99AF3931BD480FF002DFF93 /* LaunchScreen.storyboard */ = {
			isa = PBXVariantGroup;
			children = (
				C99AF3941BD480FF002DFF93 /* Base */,
			);
			name = LaunchScreen.storyboard;
			sourceTree = "<group>";
		};
/* End PBXVariantGroup section */

/* Begin XCBuildConfiguration section */
		C99AF3AD1BD480FF002DFF93 /* Debug */ = {
			isa = XCBuildConfiguration;
			buildSettings = {
				ALWAYS_SEARCH_USER_PATHS = NO;
				CLANG_CXX_LANGUAGE_STANDARD = "gnu++0x";
				CLANG_CXX_LIBRARY = "libc++";
				CLANG_ENABLE_MODULES = YES;
				CLANG_ENABLE_OBJC_ARC = YES;
				CLANG_WARN_BOOL_CONVERSION = YES;
				CLANG_WARN_CONSTANT_CONVERSION = YES;
				CLANG_WARN_DIRECT_OBJC_ISA_USAGE = YES_ERROR;
				CLANG_WARN_EMPTY_BODY = YES;
				CLANG_WARN_ENUM_CONVERSION = YES;
				CLANG_WARN_INT_CONVERSION = YES;
				CLANG_WARN_OBJC_ROOT_CLASS = YES_ERROR;
				CLANG_WARN_UNREACHABLE_CODE = YES;
				CLANG_WARN__DUPLICATE_METHOD_MATCH = YES;
				"CODE_SIGN_IDENTITY[sdk=iphoneos*]" = "iPhone Developer";
				COPY_PHASE_STRIP = NO;
				DEBUG_INFORMATION_FORMAT = dwarf;
				ENABLE_STRICT_OBJC_MSGSEND = YES;
				ENABLE_TESTABILITY = YES;
				GCC_C_LANGUAGE_STANDARD = gnu99;
				GCC_DYNAMIC_NO_PIC = NO;
				GCC_NO_COMMON_BLOCKS = YES;
				GCC_OPTIMIZATION_LEVEL = 0;
				GCC_PREPROCESSOR_DEFINITIONS = (
					"DEBUG=1",
					"$(inherited)",
				);
				GCC_WARN_64_TO_32_BIT_CONVERSION = YES;
				GCC_WARN_ABOUT_RETURN_TYPE = YES_ERROR;
				GCC_WARN_UNDECLARED_SELECTOR = YES;
				GCC_WARN_UNINITIALIZED_AUTOS = YES_AGGRESSIVE;
				GCC_WARN_UNUSED_FUNCTION = YES;
				GCC_WARN_UNUSED_VARIABLE = YES;
				IPHONEOS_DEPLOYMENT_TARGET = 9.0;
				MTL_ENABLE_DEBUG_INFO = YES;
				ONLY_ACTIVE_ARCH = YES;
				SDKROOT = iphoneos;
				SWIFT_OPTIMIZATION_LEVEL = "-Onone";
			};
			name = Debug;
		};
		C99AF3AE1BD480FF002DFF93 /* Release */ = {
			isa = XCBuildConfiguration;
			buildSettings = {
				ALWAYS_SEARCH_USER_PATHS = NO;
				CLANG_CXX_LANGUAGE_STANDARD = "gnu++0x";
				CLANG_CXX_LIBRARY = "libc++";
				CLANG_ENABLE_MODULES = YES;
				CLANG_ENABLE_OBJC_ARC = YES;
				CLANG_WARN_BOOL_CONVERSION = YES;
				CLANG_WARN_CONSTANT_CONVERSION = YES;
				CLANG_WARN_DIRECT_OBJC_ISA_USAGE = YES_ERROR;
				CLANG_WARN_EMPTY_BODY = YES;
				CLANG_WARN_ENUM_CONVERSION = YES;
				CLANG_WARN_INT_CONVERSION = YES;
				CLANG_WARN_OBJC_ROOT_CLASS = YES_ERROR;
				CLANG_WARN_UNREACHABLE_CODE = YES;
				CLANG_WARN__DUPLICATE_METHOD_MATCH = YES;
				"CODE_SIGN_IDENTITY[sdk=iphoneos*]" = "iPhone Developer";
				COPY_PHASE_STRIP = NO;
				DEBUG_INFORMATION_FORMAT = "dwarf-with-dsym";
				ENABLE_NS_ASSERTIONS = NO;
				ENABLE_STRICT_OBJC_MSGSEND = YES;
				GCC_C_LANGUAGE_STANDARD = gnu99;
				GCC_NO_COMMON_BLOCKS = YES;
				GCC_WARN_64_TO_32_BIT_CONVERSION = YES;
				GCC_WARN_ABOUT_RETURN_TYPE = YES_ERROR;
				GCC_WARN_UNDECLARED_SELECTOR = YES;
				GCC_WARN_UNINITIALIZED_AUTOS = YES_AGGRESSIVE;
				GCC_WARN_UNUSED_FUNCTION = YES;
				GCC_WARN_UNUSED_VARIABLE = YES;
				IPHONEOS_DEPLOYMENT_TARGET = 9.0;
				MTL_ENABLE_DEBUG_INFO = NO;
				SDKROOT = iphoneos;
				VALIDATE_PRODUCT = YES;
			};
			name = Release;
		};
		C99AF3B01BD480FF002DFF93 /* Debug */ = {
			isa = XCBuildConfiguration;
			buildSettings = {
				ASSETCATALOG_COMPILER_APPICON_NAME = AppIcon;
				INFOPLIST_FILE = Synq/Info.plist;
				LD_RUNPATH_SEARCH_PATHS = "$(inherited) @executable_path/Frameworks";
				PRODUCT_BUNDLE_IDENTIFIER = Group11.Synq;
				PRODUCT_NAME = "$(TARGET_NAME)";
			};
			name = Debug;
		};
		C99AF3B11BD480FF002DFF93 /* Release */ = {
			isa = XCBuildConfiguration;
			buildSettings = {
				ASSETCATALOG_COMPILER_APPICON_NAME = AppIcon;
				INFOPLIST_FILE = Synq/Info.plist;
				LD_RUNPATH_SEARCH_PATHS = "$(inherited) @executable_path/Frameworks";
				PRODUCT_BUNDLE_IDENTIFIER = Group11.Synq;
				PRODUCT_NAME = "$(TARGET_NAME)";
			};
			name = Release;
		};
		C99AF3B31BD480FF002DFF93 /* Debug */ = {
			isa = XCBuildConfiguration;
			buildSettings = {
				BUNDLE_LOADER = "$(TEST_HOST)";
				INFOPLIST_FILE = SynqTests/Info.plist;
				LD_RUNPATH_SEARCH_PATHS = "$(inherited) @executable_path/Frameworks @loader_path/Frameworks";
				PRODUCT_BUNDLE_IDENTIFIER = Group11.SynqTests;
				PRODUCT_NAME = "$(TARGET_NAME)";
				TEST_HOST = "$(BUILT_PRODUCTS_DIR)/Synq.app/Synq";
			};
			name = Debug;
		};
		C99AF3B41BD480FF002DFF93 /* Release */ = {
			isa = XCBuildConfiguration;
			buildSettings = {
				BUNDLE_LOADER = "$(TEST_HOST)";
				INFOPLIST_FILE = SynqTests/Info.plist;
				LD_RUNPATH_SEARCH_PATHS = "$(inherited) @executable_path/Frameworks @loader_path/Frameworks";
				PRODUCT_BUNDLE_IDENTIFIER = Group11.SynqTests;
				PRODUCT_NAME = "$(TARGET_NAME)";
				TEST_HOST = "$(BUILT_PRODUCTS_DIR)/Synq.app/Synq";
			};
			name = Release;
		};
		C99AF3B61BD480FF002DFF93 /* Debug */ = {
			isa = XCBuildConfiguration;
			buildSettings = {
				INFOPLIST_FILE = SynqUITests/Info.plist;
				LD_RUNPATH_SEARCH_PATHS = "$(inherited) @executable_path/Frameworks @loader_path/Frameworks";
				PRODUCT_BUNDLE_IDENTIFIER = Group11.SynqUITests;
				PRODUCT_NAME = "$(TARGET_NAME)";
				TEST_TARGET_NAME = Synq;
				USES_XCTRUNNER = YES;
			};
			name = Debug;
		};
		C99AF3B71BD480FF002DFF93 /* Release */ = {
			isa = XCBuildConfiguration;
			buildSettings = {
				INFOPLIST_FILE = SynqUITests/Info.plist;
				LD_RUNPATH_SEARCH_PATHS = "$(inherited) @executable_path/Frameworks @loader_path/Frameworks";
				PRODUCT_BUNDLE_IDENTIFIER = Group11.SynqUITests;
				PRODUCT_NAME = "$(TARGET_NAME)";
				TEST_TARGET_NAME = Synq;
				USES_XCTRUNNER = YES;
			};
			name = Release;
		};
/* End XCBuildConfiguration section */

/* Begin XCConfigurationList section */
		C99AF37F1BD480FF002DFF93 /* Build configuration list for PBXProject "Synq" */ = {
			isa = XCConfigurationList;
			buildConfigurations = (
				C99AF3AD1BD480FF002DFF93 /* Debug */,
				C99AF3AE1BD480FF002DFF93 /* Release */,
			);
			defaultConfigurationIsVisible = 0;
			defaultConfigurationName = Release;
		};
		C99AF3AF1BD480FF002DFF93 /* Build configuration list for PBXNativeTarget "Synq" */ = {
			isa = XCConfigurationList;
			buildConfigurations = (
				C99AF3B01BD480FF002DFF93 /* Debug */,
				C99AF3B11BD480FF002DFF93 /* Release */,
			);
			defaultConfigurationIsVisible = 0;
		};
		C99AF3B21BD480FF002DFF93 /* Build configuration list for PBXNativeTarget "SynqTests" */ = {
			isa = XCConfigurationList;
			buildConfigurations = (
				C99AF3B31BD480FF002DFF93 /* Debug */,
				C99AF3B41BD480FF002DFF93 /* Release */,
			);
			defaultConfigurationIsVisible = 0;
		};
		C99AF3B51BD480FF002DFF93 /* Build configuration list for PBXNativeTarget "SynqUITests" */ = {
			isa = XCConfigurationList;
			buildConfigurations = (
				C99AF3B61BD480FF002DFF93 /* Debug */,
				C99AF3B71BD480FF002DFF93 /* Release */,
			);
			defaultConfigurationIsVisible = 0;
		};
/* End XCConfigurationList section */

/* Begin XCVersionGroup section */
		C99AF38E1BD480FF002DFF93 /* Synq.xcdatamodeld */ = {
			isa = XCVersionGroup;
			children = (
				C99AF38F1BD480FF002DFF93 /* Synq.xcdatamodel */,
			);
			currentVersion = C99AF38F1BD480FF002DFF93 /* Synq.xcdatamodel */;
			path = Synq.xcdatamodeld;
			sourceTree = "<group>";
			versionGroupType = wrapper.xcdatamodel;
		};
/* End XCVersionGroup section */
	};
	rootObject = C99AF37C1BD480FF002DFF93 /* Project object */;
}
